
Microsoft Visual Studio Solution File, Format Version 12.00
# Visual Studio Version 16
VisualStudioVersion = 16.0.28803.202
MinimumVisualStudioVersion = 10.0.40219.1
Project("{8BC9CEB8-8B4A-11D0-8D11-00A0C91BC942}") = "13(2)", "13(2).vcxproj", "{0505C1AF-E635-4849-B531-26DE8E21C95A}"
EndProject
Global
	GlobalSection(SolutionConfigurationPlatforms) = preSolution
		Debug|x64 = Debug|x64
		Debug|x86 = Debug|x86
		Release|x64 = Release|x64
		Release|x86 = Release|x86
	EndGlobalSection
	GlobalSection(ProjectConfigurationPlatforms) = postSolution
		{0505C1AF-E635-4849-B531-26DE8E21C95A}.Debug|x64.ActiveCfg = Debug|x64
		{0505C1AF-E635-4849-B531-26DE8E21C95A}.Debug|x64.Build.0 = Debug|x64
		{0505C1AF-E635-4849-B531-26DE8E21C95A}.Debug|x86.ActiveCfg = Debug|Win32
		{0505C1AF-E635-4849-B531-26DE8E21C95A}.Debug|x86.Build.0 = Debug|Win32
		{0505C1AF-E635-4849-B531-26DE8E21C95A}.Release|x64.ActiveCfg = Release|x64
		{0505C1AF-E635-4849-B531-26DE8E21C95A}.Release|x64.Build.0 = Release|x64
		{0505C1AF-E635-4849-B531-26DE8E21C95A}.Release|x86.ActiveCfg = Release|Win32
		{0505C1AF-E635-4849-B531-26DE8E21C95A}.Release|x86.Build.0 = Release|Win32
	EndGlobalSection
	GlobalSection(SolutionProperties) = preSolution
		HideSolutionNode = FALSE
	EndGlobalSection
	GlobalSection(ExtensibilityGlobals) = postSolution
		SolutionGuid = {4AA0B7B4-46D6-4840-A306-AEBE6C41023C}
	EndGlobalSection
EndGlobal
